
Microsoft Visual Studio Solution File, Format Version 12.00
# Visual Studio Version 17
VisualStudioVersion = 17.8.34408.163
MinimumVisualStudioVersion = 10.0.40219.1
Project("{9A19103F-16F7-4668-BE54-9A1E7A4F7556}") = "Sanctum-Core", "Sanctum-Core\Sanctum-Core.csproj", "{643C2E8C-F566-4F6D-B710-7F973F3674EB}"
EndProject
Project("{9A19103F-16F7-4668-BE54-9A1E7A4F7556}") = "Sanctum-Core-Testing", "Sanctum-Core-Testing\Sanctum-Core-Testing.csproj", "{095525D1-4F58-4E1E-913E-6616A6B61794}"
EndProject
Project("{9A19103F-16F7-4668-BE54-9A1E7A4F7556}") = "Sanctum-Core-Runner", "Sanctum-Core-Runner\Sanctum-Core-Runner.csproj", "{D13ADB58-5D2C-4C69-BD9B-E6571100E01B}"
EndProject
Project("{9A19103F-16F7-4668-BE54-9A1E7A4F7556}") = "Sanctum-Core-Server", "Sanctum-Core-Server\Sanctum-Core-Server.csproj", "{CE1E1531-05DD-4999-AF3F-E996CBCA0BFC}"
EndProject
Project("{FAE04EC0-301F-11D3-BF4B-00C04F79EFBC}") = "Sanctum-Core-Logger", "Sanctum-Logger\Sanctum-Core-Logger.csproj", "{E87F0FF6-E28D-48C7-899E-A2713B5AE0CE}"
EndProject
Global
	GlobalSection(SolutionConfigurationPlatforms) = preSolution
		Debug|Any CPU = Debug|Any CPU
		Release|Any CPU = Release|Any CPU
	EndGlobalSection
	GlobalSection(ProjectConfigurationPlatforms) = postSolution
		{643C2E8C-F566-4F6D-B710-7F973F3674EB}.Debug|Any CPU.ActiveCfg = Debug|Any CPU
		{643C2E8C-F566-4F6D-B710-7F973F3674EB}.Debug|Any CPU.Build.0 = Debug|Any CPU
		{643C2E8C-F566-4F6D-B710-7F973F3674EB}.Release|Any CPU.ActiveCfg = Release|Any CPU
		{643C2E8C-F566-4F6D-B710-7F973F3674EB}.Release|Any CPU.Build.0 = Release|Any CPU
		{095525D1-4F58-4E1E-913E-6616A6B61794}.Debug|Any CPU.ActiveCfg = Debug|Any CPU
		{095525D1-4F58-4E1E-913E-6616A6B61794}.Debug|Any CPU.Build.0 = Debug|Any CPU
		{095525D1-4F58-4E1E-913E-6616A6B61794}.Release|Any CPU.ActiveCfg = Release|Any CPU
		{095525D1-4F58-4E1E-913E-6616A6B61794}.Release|Any CPU.Build.0 = Release|Any CPU
		{D13ADB58-5D2C-4C69-BD9B-E6571100E01B}.Debug|Any CPU.ActiveCfg = Debug|Any CPU
		{D13ADB58-5D2C-4C69-BD9B-E6571100E01B}.Debug|Any CPU.Build.0 = Debug|Any CPU
		{D13ADB58-5D2C-4C69-BD9B-E6571100E01B}.Release|Any CPU.ActiveCfg = Release|Any CPU
		{D13ADB58-5D2C-4C69-BD9B-E6571100E01B}.Release|Any CPU.Build.0 = Release|Any CPU
		{CE1E1531-05DD-4999-AF3F-E996CBCA0BFC}.Debug|Any CPU.ActiveCfg = Debug|Any CPU
		{CE1E1531-05DD-4999-AF3F-E996CBCA0BFC}.Debug|Any CPU.Build.0 = Debug|Any CPU
		{CE1E1531-05DD-4999-AF3F-E996CBCA0BFC}.Release|Any CPU.ActiveCfg = Release|Any CPU
		{CE1E1531-05DD-4999-AF3F-E996CBCA0BFC}.Release|Any CPU.Build.0 = Release|Any CPU
		{E87F0FF6-E28D-48C7-899E-A2713B5AE0CE}.Debug|Any CPU.ActiveCfg = Debug|Any CPU
		{E87F0FF6-E28D-48C7-899E-A2713B5AE0CE}.Debug|Any CPU.Build.0 = Debug|Any CPU
		{E87F0FF6-E28D-48C7-899E-A2713B5AE0CE}.Release|Any CPU.ActiveCfg = Release|Any CPU
		{E87F0FF6-E28D-48C7-899E-A2713B5AE0CE}.Release|Any CPU.Build.0 = Release|Any CPU
	EndGlobalSection
	GlobalSection(SolutionProperties) = preSolution
		HideSolutionNode = FALSE
	EndGlobalSection
	GlobalSection(ExtensibilityGlobals) = postSolution
		SolutionGuid = {6BB9AC85-76FB-4E15-B15A-DA91DFF33B4A}
	EndGlobalSection
EndGlobal
